[[package]]
category = "main"
description = "Python 3.4 Enum backported to 3.3, 3.2, 3.1, 2.7, 2.6, 2.5, and 2.4"
name = "enum34"
optional = false
python-versions = "*"
version = "1.1.10"

[[package]]
category = "main"
description = "Read and modify image EXIF metadata using Python."
name = "exif"
optional = false
python-versions = "*"
version = "0.8.2"

[package.dependencies]
enum34 = "*"

[metadata]
content-hash = "c720390daca364297f9a6af9b46909651700efe063177c0214c0d45ea16f8a85"
python-versions = ">=3.6"

[metadata.files]
enum34 = [
    {file = "enum34-1.1.10-py2-none-any.whl", hash = "sha256:a98a201d6de3f2ab3db284e70a33b0f896fbf35f8086594e8c9e74b909058d53"},
    {file = "enum34-1.1.10-py3-none-any.whl", hash = "sha256:c3858660960c984d6ab0ebad691265180da2b43f07e061c0f8dca9ef3cffd328"},
    {file = "enum34-1.1.10.tar.gz", hash = "sha256:cce6a7477ed816bd2542d03d53db9f0db935dd013b70f336a95c73979289f248"},
]
exif = [
    {file = "exif-0.8.2-py3-none-any.whl", hash = "sha256:a14921bf794ede1af1269bcbfd6e6f962cabab4970c1c7373e6be4813d0ff4e8"},
    {file = "exif-0.8.2.tar.gz", hash = "sha256:78b96ad80193ec6736ea9c6e24476850faadd785d2b8698c92c5c17f6aeafb39"},
]
